
Microsoft Visual Studio Solution File, Format Version 12.00
# Visual Studio Version 17
VisualStudioVersion = 17.14.37111.16 d17.14
MinimumVisualStudioVersion = 10.0.40219.1
Project("{FAE04EC0-301F-11D3-BF4B-00C04F79EFBC}") = "SupermarketCheckout", "SupermarketCheckout\SupermarketCheckout.csproj", "{E3A0499D-E89C-4146-9FA1-6E4E896B469D}"
EndProject
Global
	GlobalSection(SolutionConfigurationPlatforms) = preSolution
		Debug|Any CPU = Debug|Any CPU
		Release|Any CPU = Release|Any CPU
	EndGlobalSection
	GlobalSection(ProjectConfigurationPlatforms) = postSolution
		{E3A0499D-E89C-4146-9FA1-6E4E896B469D}.Debug|Any CPU.ActiveCfg = Debug|Any CPU
		{E3A0499D-E89C-4146-9FA1-6E4E896B469D}.Debug|Any CPU.Build.0 = Debug|Any CPU
		{E3A0499D-E89C-4146-9FA1-6E4E896B469D}.Release|Any CPU.ActiveCfg = Release|Any CPU
		{E3A0499D-E89C-4146-9FA1-6E4E896B469D}.Release|Any CPU.Build.0 = Release|Any CPU
	EndGlobalSection
	GlobalSection(SolutionProperties) = preSolution
		HideSolutionNode = FALSE
	EndGlobalSection
	GlobalSection(ExtensibilityGlobals) = postSolution
		SolutionGuid = {DF9AD2CF-CFA2-467E-8AD0-D024AB834AB9}
	EndGlobalSection
EndGlobal
